Microsoft Visual Studio Solution File, Format Version 12.00
# Visual Studio Version 17
VisualStudioVersion = 17.0.31903.59
MinimumVisualStudioVersion = 10.0.40219.1
Project("{8C6C3B6D-8D99-4E4E-9A69-4D9EE1B47F9A}") = "DjehutiRouterDriver", "DjehutiRouterDriver.vcxproj", "{D8D8B0E1-7F19-4F4D-8E74-5D4F6D5B9E32}"
EndProject
Global
	GlobalSection(SolutionConfigurationPlatforms) = preSolution
		Debug|x64 = Debug|x64
		Release|x64 = Release|x64
	EndGlobalSection
	GlobalSection(ProjectConfigurationPlatforms) = postSolution
		{D8D8B0E1-7F19-4F4D-8E74-5D4F6D5B9E32}.Debug|x64.ActiveCfg = Debug|x64
		{D8D8B0E1-7F19-4F4D-8E74-5D4F6D5B9E32}.Debug|x64.Build.0 = Debug|x64
		{D8D8B0E1-7F19-4F4D-8E74-5D4F6D5B9E32}.Release|x64.ActiveCfg = Release|x64
		{D8D8B0E1-7F19-4F4D-8E74-5D4F6D5B9E32}.Release|x64.Build.0 = Release|x64
	EndGlobalSection
	GlobalSection(SolutionProperties) = preSolution
		HideSolutionNode = FALSE
	EndGlobalSection
EndGlobal
